
Microsoft Visual Studio Solution File, Format Version 12.00
# Visual Studio Version 17
VisualStudioVersion = 17.10.34928.147
MinimumVisualStudioVersion = 10.0.40219.1
Project("{FAE04EC0-301F-11D3-BF4B-00C04F79EFBC}") = "VillaAPI", "VillaAPI\VillaAPI.csproj", "{EA473FB3-E4D6-41B6-BBC4-29D7160C913C}"
EndProject
Global
	GlobalSection(SolutionConfigurationPlatforms) = preSolution
		Debug|Any CPU = Debug|Any CPU
		Release|Any CPU = Release|Any CPU
	EndGlobalSection
	GlobalSection(ProjectConfigurationPlatforms) = postSolution
		{EA473FB3-E4D6-41B6-BBC4-29D7160C913C}.Debug|Any CPU.ActiveCfg = Debug|Any CPU
		{EA473FB3-E4D6-41B6-BBC4-29D7160C913C}.Debug|Any CPU.Build.0 = Debug|Any CPU
		{EA473FB3-E4D6-41B6-BBC4-29D7160C913C}.Release|Any CPU.ActiveCfg = Release|Any CPU
		{EA473FB3-E4D6-41B6-BBC4-29D7160C913C}.Release|Any CPU.Build.0 = Release|Any CPU
	EndGlobalSection
	GlobalSection(SolutionProperties) = preSolution
		HideSolutionNode = FALSE
	EndGlobalSection
	GlobalSection(ExtensibilityGlobals) = postSolution
		SolutionGuid = {F6DEA6FC-9AF1-427D-B792-96F8149B32E2}
	EndGlobalSection
EndGlobal
